
Microsoft Visual Studio Solution File, Format Version 12.00
# Visual Studio Version 16
VisualStudioVersion = 16.0.31313.79
MinimumVisualStudioVersion = 10.0.40219.1
Project("{FAE04EC0-301F-11D3-BF4B-00C04F79EFBC}") = "görselprogramlamaproje", "görselprogramlamaproje.csproj", "{4A7A12F1-56B1-442C-A815-46F6F70D9733}"
EndProject
Global
	GlobalSection(SolutionConfigurationPlatforms) = preSolution
		Debug|Any CPU = Debug|Any CPU
		Release|Any CPU = Release|Any CPU
	EndGlobalSection
	GlobalSection(ProjectConfigurationPlatforms) = postSolution
		{4A7A12F1-56B1-442C-A815-46F6F70D9733}.Debug|Any CPU.ActiveCfg = Debug|Any CPU
		{4A7A12F1-56B1-442C-A815-46F6F70D9733}.Debug|Any CPU.Build.0 = Debug|Any CPU
		{4A7A12F1-56B1-442C-A815-46F6F70D9733}.Release|Any CPU.ActiveCfg = Release|Any CPU
		{4A7A12F1-56B1-442C-A815-46F6F70D9733}.Release|Any CPU.Build.0 = Release|Any CPU
	EndGlobalSection
	GlobalSection(SolutionProperties) = preSolution
		HideSolutionNode = FALSE
	EndGlobalSection
	GlobalSection(ExtensibilityGlobals) = postSolution
		SolutionGuid = {34BDA954-DD84-4795-BE93-114A75DC0FC3}
	EndGlobalSection
EndGlobal
